
Microsoft Visual Studio Solution File, Format Version 12.00
# Visual Studio 15
VisualStudioVersion = 15.0.26124.0
MinimumVisualStudioVersion = 15.0.26124.0
Project("{2150E333-8FDC-42A3-9474-1A3956D46DE8}") = "src", "src", "{13D31997-B9B5-4106-A217-E021501E1D32}"
EndProject
Project("{FAE04EC0-301F-11D3-BF4B-00C04F79EFBC}") = "Purity", "src\Purity\Purity.csproj", "{41899DD1-FDEC-4389-AB9C-72E6B3E7ABCC}"
EndProject
Global
	GlobalSection(SolutionConfigurationPlatforms) = preSolution
		Debug|Any CPU = Debug|Any CPU
		Debug|x64 = Debug|x64
		Debug|x86 = Debug|x86
		Release|Any CPU = Release|Any CPU
		Release|x64 = Release|x64
		Release|x86 = Release|x86
	EndGlobalSection
	GlobalSection(SolutionProperties) = preSolution
		HideSolutionNode = FALSE
	EndGlobalSection
	GlobalSection(ProjectConfigurationPlatforms) = postSolution
		{41899DD1-FDEC-4389-AB9C-72E6B3E7ABCC}.Debug|Any CPU.ActiveCfg = Debug|Any CPU
		{41899DD1-FDEC-4389-AB9C-72E6B3E7ABCC}.Debug|Any CPU.Build.0 = Debug|Any CPU
		{41899DD1-FDEC-4389-AB9C-72E6B3E7ABCC}.Debug|x64.ActiveCfg = Debug|Any CPU
		{41899DD1-FDEC-4389-AB9C-72E6B3E7ABCC}.Debug|x64.Build.0 = Debug|Any CPU
		{41899DD1-FDEC-4389-AB9C-72E6B3E7ABCC}.Debug|x86.ActiveCfg = Debug|Any CPU
		{41899DD1-FDEC-4389-AB9C-72E6B3E7ABCC}.Debug|x86.Build.0 = Debug|Any CPU
		{41899DD1-FDEC-4389-AB9C-72E6B3E7ABCC}.Release|Any CPU.ActiveCfg = Release|Any CPU
		{41899DD1-FDEC-4389-AB9C-72E6B3E7ABCC}.Release|Any CPU.Build.0 = Release|Any CPU
		{41899DD1-FDEC-4389-AB9C-72E6B3E7ABCC}.Release|x64.ActiveCfg = Release|Any CPU
		{41899DD1-FDEC-4389-AB9C-72E6B3E7ABCC}.Release|x64.Build.0 = Release|Any CPU
		{41899DD1-FDEC-4389-AB9C-72E6B3E7ABCC}.Release|x86.ActiveCfg = Release|Any CPU
		{41899DD1-FDEC-4389-AB9C-72E6B3E7ABCC}.Release|x86.Build.0 = Release|Any CPU
	EndGlobalSection
	GlobalSection(NestedProjects) = preSolution
		{41899DD1-FDEC-4389-AB9C-72E6B3E7ABCC} = {13D31997-B9B5-4106-A217-E021501E1D32}
	EndGlobalSection
EndGlobal
